plugins {
    id 'library-conventions'
    alias(libs.plugins.lombok)
}

dependencies {
    implementation(enforcedPlatform(project(":dependencies")))
    implementation(libs.org.springdoc.springdoc.openapi.starter.webmvc.ui)
    implementation 'org.springframework.boot:spring-boot-starter'
    api 'org.springframework.boot:spring-boot-starter-security'
    implementation 'org.springframework.security:spring-security-oauth2-resource-server'
    implementation 'org.springframework.security:spring-security-oauth2-jose'
    testImplementation 'org.springframework.boot:spring-boot-starter-test'
    testImplementation 'org.springframework.security:spring-security-test'
    compileOnly(libs.jakarta.ee.api)
    testImplementation(libs.jakarta.ee.api)
}

ext {
    JacocoExcludePatterns = []
    enableJacocoCoverageVerification = true
    JacocoCoverageMinimum = 0.65
}
